
Microsoft Visual Studio Solution File, Format Version 12.00
# Visual Studio Version 17
VisualStudioVersion = 17.14.36401.2 d17.14
MinimumVisualStudioVersion = 10.0.40219.1
Project("{FAE04EC0-301F-11D3-BF4B-00C04F79EFBC}") = "A5- Automation Tool", "A5- Automation Tool\A5- Automation Tool.csproj", "{C492BF1D-2E36-4EC5-85CA-67B312682C0C}"
EndProject
Global
	GlobalSection(SolutionConfigurationPlatforms) = preSolution
		Debug|Any CPU = Debug|Any CPU
		Release|Any CPU = Release|Any CPU
	EndGlobalSection
	GlobalSection(ProjectConfigurationPlatforms) = postSolution
		{C492BF1D-2E36-4EC5-85CA-67B312682C0C}.Debug|Any CPU.ActiveCfg = Debug|Any CPU
		{C492BF1D-2E36-4EC5-85CA-67B312682C0C}.Debug|Any CPU.Build.0 = Debug|Any CPU
		{C492BF1D-2E36-4EC5-85CA-67B312682C0C}.Release|Any CPU.ActiveCfg = Release|Any CPU
		{C492BF1D-2E36-4EC5-85CA-67B312682C0C}.Release|Any CPU.Build.0 = Release|Any CPU
	EndGlobalSection
	GlobalSection(SolutionProperties) = preSolution
		HideSolutionNode = FALSE
	EndGlobalSection
	GlobalSection(ExtensibilityGlobals) = postSolution
		SolutionGuid = {E9B931A4-0698-4EFC-8DDD-C6970A097DC3}
	EndGlobalSection
EndGlobal
